
Microsoft Visual Studio Solution File, Format Version 12.00
# Visual Studio Express 2012 for Windows Desktop
Project("{FAE04EC0-301F-11D3-BF4B-00C04F79EFBC}") = "ClinicaFrba", "ClinicaFrba\ClinicaFrba.csproj", "{4D8B29F5-1F49-420C-8A45-544EC4ACDC09}"
EndProject
Project("{FAE04EC0-301F-11D3-BF4B-00C04F79EFBC}") = "Clases", "Clases\Clases.csproj", "{6DC12838-6697-4CB1-A808-8B2F091CA3E4}"
EndProject
Project("{FAE04EC0-301F-11D3-BF4B-00C04F79EFBC}") = "BaseDatos", "Helpers\BaseDatos.csproj", "{7E6C5163-9514-4AF8-B63B-8D4343F8F0C0}"
EndProject
Global
	GlobalSection(SolutionConfigurationPlatforms) = preSolution
		Debug|Any CPU = Debug|Any CPU
		Release|Any CPU = Release|Any CPU
	EndGlobalSection
	GlobalSection(ProjectConfigurationPlatforms) = postSolution
		{4D8B29F5-1F49-420C-8A45-544EC4ACDC09}.Debug|Any CPU.ActiveCfg = Debug|Any CPU
		{4D8B29F5-1F49-420C-8A45-544EC4ACDC09}.Debug|Any CPU.Build.0 = Debug|Any CPU
		{4D8B29F5-1F49-420C-8A45-544EC4ACDC09}.Release|Any CPU.ActiveCfg = Release|Any CPU
		{4D8B29F5-1F49-420C-8A45-544EC4ACDC09}.Release|Any CPU.Build.0 = Release|Any CPU
		{6DC12838-6697-4CB1-A808-8B2F091CA3E4}.Debug|Any CPU.ActiveCfg = Debug|Any CPU
		{6DC12838-6697-4CB1-A808-8B2F091CA3E4}.Debug|Any CPU.Build.0 = Debug|Any CPU
		{6DC12838-6697-4CB1-A808-8B2F091CA3E4}.Release|Any CPU.ActiveCfg = Release|Any CPU
		{6DC12838-6697-4CB1-A808-8B2F091CA3E4}.Release|Any CPU.Build.0 = Release|Any CPU
		{7E6C5163-9514-4AF8-B63B-8D4343F8F0C0}.Debug|Any CPU.ActiveCfg = Debug|Any CPU
		{7E6C5163-9514-4AF8-B63B-8D4343F8F0C0}.Debug|Any CPU.Build.0 = Debug|Any CPU
		{7E6C5163-9514-4AF8-B63B-8D4343F8F0C0}.Release|Any CPU.ActiveCfg = Release|Any CPU
		{7E6C5163-9514-4AF8-B63B-8D4343F8F0C0}.Release|Any CPU.Build.0 = Release|Any CPU
	EndGlobalSection
	GlobalSection(SolutionProperties) = preSolution
		HideSolutionNode = FALSE
	EndGlobalSection
EndGlobal
